{
  "name": "oshi_utils",
  "version": "1.0.0",
  "lockfileVersion": 1,
  "requires": true,
  "dependencies": {
    "date-and-time": {
      "version": "3.0.3",
      "resolved": "https://registry.npmjs.org/date-and-time/-/date-and-time-3.0.3.tgz",
      "integrity": "sha512-CmHCeTixc3KA5pcLTVs9JCFhmJMFTBsmSsgHnNed4YDNw9yUOrjjRn3zALy8eMgqmTO+4U8k5jl1peC7IoezfA=="
    },
    "email-validator": {
      "version": "2.0.4",
      "resolved": "https://registry.npmjs.org/email-validator/-/email-validator-2.0.4.tgz",
      "integrity": "sha512-gYCwo7kh5S3IDyZPLZf6hSS0MnZT8QmJFqYvbqlDZSbwdZlY6QZWxJ4i/6UhITOJ4XzyI647Bm2MXKCLqnJ4nQ=="
    }
  }
}
